// !$*UTF8*$!
{
	archiveVersion = 1;
	classes = {
	};
	objectVersion = 50;
	objects = {

/* Begin PBXBuildFile section */
		AFEBBE28265EB5ED00026895 /* MilestoneProject_7_9App.swift in Sources */ = {isa = PBXBuildFile; fileRef = AFEBBE27265EB5ED00026895 /* MilestoneProject_7_9App.swift */; };
		AFEBBE2A265EB5ED00026895 /* ContentView.swift in Sources */ = {isa = PBXBuildFile; fileRef = AFEBBE29265EB5ED00026895 /* ContentView.swift */; };
		AFEBBE2C265EB5EE00026895 /* Assets.xcassets in Resources */ = {isa = PBXBuildFile; fileRef = AFEBBE2B265EB5EE00026895 /* Assets.xcassets */; };
		AFEBBE2F265EB5EE00026895 /* Preview Assets.xcassets in Resources */ = {isa = PBXBuildFile; fileRef = AFEBBE2E265EB5EE00026895 /* Preview Assets.xcassets */; };
		AFEBBE37265F7EF500026895 /* HabitDetails.swift in Sources */ = {isa = PBXBuildFile; fileRef = AFEBBE36265F7EF500026895 /* HabitDetails.swift */; };
		AFEBBE39265F7F9200026895 /* Habit.swift in Sources */ = {isa = PBXBuildFile; fileRef = AFEBBE38265F7F9200026895 /* Habit.swift */; };
		AFEBBE3B265F824800026895 /* AddHabitView.swift in Sources */ = {isa = PBXBuildFile; fileRef = AFEBBE3A265F824800026895 /* AddHabitView.swift */; };
		AFEBBE3D265F90A900026895 /* EditHabitView.swift in Sources */ = {isa = PBXBuildFile; fileRef = AFEBBE3C265F90A900026895 /* EditHabitView.swift */; };
/* End PBXBuildFile section */

/* Begin PBXFileReference section */
		AFEBBE24265EB5ED00026895 /* MilestoneProject 7-9.app */ = {isa = PBXFileReference; explicitFileType = wrapper.application; includeInIndex = 0; path = "MilestoneProject 7-9.app"; sourceTree = BUILT_PRODUCTS_DIR; };
		AFEBBE27265EB5ED00026895 /* MilestoneProject_7_9App.swift */ = {isa = PBXFileReference; lastKnownFileType = sourcecode.swift; path = MilestoneProject_7_9App.swift; sourceTree = "<group>"; };
		AFEBBE29265EB5ED00026895 /* ContentView.swift */ = {isa = PBXFileReference; lastKnownFileType = sourcecode.swift; path = ContentView.swift; sourceTree = "<group>"; };
		AFEBBE2B265EB5EE00026895 /* Assets.xcassets */ = {isa = PBXFileReference; lastKnownFileType = folder.assetcatalog; path = Assets.xcassets; sourceTree = "<group>"; };
		AFEBBE2E265EB5EE00026895 /* Preview Assets.xcassets */ = {isa = PBXFileReference; lastKnownFileType = folder.assetcatalog; path = "Preview Assets.xcassets"; sourceTree = "<group>"; };
		AFEBBE30265EB5EE00026895 /* Info.plist */ = {isa = PBXFileReference; lastKnownFileType = text.plist.xml; path = Info.plist; sourceTree = "<group>"; };
		AFEBBE36265F7EF500026895 /* HabitDetails.swift */ = {isa = PBXFileReference; lastKnownFileType = sourcecode.swift; path = HabitDetails.swift; sourceTree = "<group>"; };
		AFEBBE38265F7F9200026895 /* Habit.swift */ = {isa = PBXFileReference; lastKnownFileType = sourcecode.swift; path = Habit.swift; sourceTree = "<group>"; };
		AFEBBE3A265F824800026895 /* AddHabitView.swift */ = {isa = PBXFileReference; lastKnownFileType = sourcecode.swift; path = AddHabitView.swift; sourceTree = "<group>"; };
		AFEBBE3C265F90A900026895 /* EditHabitView.swift */ = {isa = PBXFileReference; lastKnownFileType = sourcecode.swift; path = EditHabitView.swift; sourceTree = "<group>"; };
/* End PBXFileReference section */

/* Begin PBXFrameworksBuildPhase section */
		AFEBBE21265EB5ED00026895 /* Frameworks */ = {
			isa = PBXFrameworksBuildPhase;
			buildActionMask = 2147483647;
			files = (
			);
			runOnlyForDeploymentPostprocessing = 0;
		};
/* End PBXFrameworksBuildPhase section */

/* Begin PBXGroup section */
		AFEBBE1B265EB5ED00026895 = {
			isa = PBXGroup;
			children = (
				AFEBBE26265EB5ED00026895 /* MilestoneProject 7-9 */,
				AFEBBE25265EB5ED00026895 /* Products */,
			);
			sourceTree = "<group>";
		};
		AFEBBE25265EB5ED00026895 /* Products */ = {
			isa = PBXGroup;
			children = (
				AFEBBE24265EB5ED00026895 /* MilestoneProject 7-9.app */,
			);
			name = Products;
			sourceTree = "<group>";
		};
		AFEBBE26265EB5ED00026895 /* MilestoneProject 7-9 */ = {
			isa = PBXGroup;
			children = (
				AFEBBE27265EB5ED00026895 /* MilestoneProject_7_9App.swift */,
				AFEBBE29265EB5ED00026895 /* ContentView.swift */,
				AFEBBE3C265F90A900026895 /* EditHabitView.swift */,
				AFEBBE3A265F824800026895 /* AddHabitView.swift */,
				AFEBBE36265F7EF500026895 /* HabitDetails.swift */,
				AFEBBE38265F7F9200026895 /* Habit.swift */,
				AFEBBE2B265EB5EE00026895 /* Assets.xcassets */,
				AFEBBE30265EB5EE00026895 /* Info.plist */,
				AFEBBE2D265EB5EE00026895 /* Preview Content */,
			);
			path = "MilestoneProject 7-9";
			sourceTree = "<group>";
		};
		AFEBBE2D265EB5EE00026895 /* Preview Content */ = {
			isa = PBXGroup;
			children = (
				AFEBBE2E265EB5EE00026895 /* Preview Assets.xcassets */,
			);
			path = "Preview Content";
			sourceTree = "<group>";
		};
/* End PBXGroup section */

/* Begin PBXNativeTarget section */
		AFEBBE23265EB5ED00026895 /* MilestoneProject 7-9 */ = {
			isa = PBXNativeTarget;
			buildConfigurationList = AFEBBE33265EB5EE00026895 /* Build configuration list for PBXNativeTarget "MilestoneProject 7-9" */;
			buildPhases = (
				AFEBBE20265EB5ED00026895 /* Sources */,
				AFEBBE21265EB5ED00026895 /* Frameworks */,
				AFEBBE22265EB5ED00026895 /* Resources */,
			);
			buildRules = (
			);
			dependencies = (
			);
			name = "MilestoneProject 7-9";
			productName = "MilestoneProject 7-9";
			productReference = AFEBBE24265EB5ED00026895 /* MilestoneProject 7-9.app */;
			productType = "com.apple.product-type.application";
		};
/* End PBXNativeTarget section */

/* Begin PBXProject section */
		AFEBBE1C265EB5ED00026895 /* Project object */ = {
			isa = PBXProject;
			attributes = {
				LastSwiftUpdateCheck = 1200;
				LastUpgradeCheck = 1200;
				TargetAttributes = {
					AFEBBE23265EB5ED00026895 = {
						CreatedOnToolsVersion = 12.0;
					};
				};
			};
			buildConfigurationList = AFEBBE1F265EB5ED00026895 /* Build configuration list for PBXProject "MilestoneProject 7-9" */;
			compatibilityVersion = "Xcode 9.3";
			developmentRegion = en;
			hasScannedForEncodings = 0;
			knownRegions = (
				en,
				Base,
			);
			mainGroup = AFEBBE1B265EB5ED00026895;
			productRefGroup = AFEBBE25265EB5ED00026895 /* Products */;
			projectDirPath = "";
			projectRoot = "";
			targets = (
				AFEBBE23265EB5ED00026895 /* MilestoneProject 7-9 */,
			);
		};
/* End PBXProject section */

/* Begin PBXResourcesBuildPhase section */
		AFEBBE22265EB5ED00026895 /* Resources */ = {
			isa = PBXResourcesBuildPhase;
			buildActionMask = 2147483647;
			files = (
				AFEBBE2F265EB5EE00026895 /* Preview Assets.xcassets in Resources */,
				AFEBBE2C265EB5EE00026895 /* Assets.xcassets in Resources */,
			);
			runOnlyForDeploymentPostprocessing = 0;
		};
/* End PBXResourcesBuildPhase section */

/* Begin PBXSourcesBuildPhase section */
		AFEBBE20265EB5ED00026895 /* Sources */ = {
			isa = PBXSourcesBuildPhase;
			buildActionMask = 2147483647;
			files = (
				AFEBBE2A265EB5ED00026895 /* ContentView.swift in Sources */,
				AFEBBE37265F7EF500026895 /* HabitDetails.swift in Sources */,
				AFEBBE39265F7F9200026895 /* Habit.swift in Sources */,
				AFEBBE28265EB5ED00026895 /* MilestoneProject_7_9App.swift in Sources */,
				AFEBBE3B265F824800026895 /* AddHabitView.swift in Sources */,
				AFEBBE3D265F90A900026895 /* EditHabitView.swift in Sources */,
			);
			runOnlyForDeploymentPostprocessing = 0;
		};
/* End PBXSourcesBuildPhase section */

/* Begin XCBuildConfiguration section */
		AFEBBE31265EB5EE00026895 /* Debug */ = {
			isa = XCBuildConfiguration;
			buildSettings = {
				ALWAYS_SEARCH_USER_PATHS = NO;
				CLANG_ANALYZER_NONNULL = YES;
				CLANG_ANALYZER_NUMBER_OBJECT_CONVERSION = YES_AGGRESSIVE;
				CLANG_CXX_LANGUAGE_STANDARD = "gnu++14";
				CLANG_CXX_LIBRARY = "libc++";
				CLANG_ENABLE_MODULES = YES;
				CLANG_ENABLE_OBJC_ARC = YES;
				CLANG_ENABLE_OBJC_WEAK = YES;
				CLANG_WARN_BLOCK_CAPTURE_AUTORELEASING = YES;
				CLANG_WARN_BOOL_CONVERSION = YES;
				CLANG_WARN_COMMA = YES;
				CLANG_WARN_CONSTANT_CONVERSION = YES;
				CLANG_WARN_DEPRECATED_OBJC_IMPLEMENTATIONS = YES;
				CLANG_WARN_DIRECT_OBJC_ISA_USAGE = YES_ERROR;
				CLANG_WARN_DOCUMENTATION_COMMENTS = YES;
				CLANG_WARN_EMPTY_BODY = YES;
				CLANG_WARN_ENUM_CONVERSION = YES;
				CLANG_WARN_INFINITE_RECURSION = YES;
				CLANG_WARN_INT_CONVERSION = YES;
				CLANG_WARN_NON_LITERAL_NULL_CONVERSION = YES;
				CLANG_WARN_OBJC_IMPLICIT_RETAIN_SELF = YES;
				CLANG_WARN_OBJC_LITERAL_CONVERSION = YES;
				CLANG_WARN_OBJC_ROOT_CLASS = YES_ERROR;
				CLANG_WARN_QUOTED_INCLUDE_IN_FRAMEWORK_HEADER = YES;
				CLANG_WARN_RANGE_LOOP_ANALYSIS = YES;
				CLANG_WARN_STRICT_PROTOTYPES = YES;
				CLANG_WARN_SUSPICIOUS_MOVE = YES;
				CLANG_WARN_UNGUARDED_AVAILABILITY = YES_AGGRESSIVE;
				CLANG_WARN_UNREACHABLE_CODE = YES;
				CLANG_WARN__DUPLICATE_METHOD_MATCH = YES;
				COPY_PHASE_STRIP = NO;
				DEBUG_INFORMATION_FORMAT = dwarf;
				ENABLE_STRICT_OBJC_MSGSEND = YES;
				ENABLE_TESTABILITY = YES;
				GCC_C_LANGUAGE_STANDARD = gnu11;
				GCC_DYNAMIC_NO_PIC = NO;
				GCC_NO_COMMON_BLOCKS = YES;
				GCC_OPTIMIZATION_LEVEL = 0;
				GCC_PREPROCESSOR_DEFINITIONS = (
					"DEBUG=1",
					"$(inherited)",
				);
				GCC_WARN_64_TO_32_BIT_CONVERSION = YES;
				GCC_WARN_ABOUT_RETURN_TYPE = YES_ERROR;
				GCC_WARN_UNDECLARED_SELECTOR = YES;
				GCC_WARN_UNINITIALIZED_AUTOS = YES_AGGRESSIVE;
				GCC_WARN_UNUSED_FUNCTION = YES;
				GCC_WARN_UNUSED_VARIABLE = YES;
				IPHONEOS_DEPLOYMENT_TARGET = 14.0;
				MTL_ENABLE_DEBUG_INFO = INCLUDE_SOURCE;
				MTL_FAST_MATH = YES;
				ONLY_ACTIVE_ARCH = YES;
				SDKROOT = iphoneos;
				SWIFT_ACTIVE_COMPILATION_CONDITIONS = DEBUG;
				SWIFT_OPTIMIZATION_LEVEL = "-Onone";
			};
			name = Debug;
		};
		AFEBBE32265EB5EE00026895 /* Release */ = {
			isa = XCBuildConfiguration;
			buildSettings = {
				ALWAYS_SEARCH_USER_PATHS = NO;
				CLANG_ANALYZER_NONNULL = YES;
				CLANG_ANALYZER_NUMBER_OBJECT_CONVERSION = YES_AGGRESSIVE;
				CLANG_CXX_LANGUAGE_STANDARD = "gnu++14";
				CLANG_CXX_LIBRARY = "libc++";
				CLANG_ENABLE_MODULES = YES;
				CLANG_ENABLE_OBJC_ARC = YES;
				CLANG_ENABLE_OBJC_WEAK = YES;
				CLANG_WARN_BLOCK_CAPTURE_AUTORELEASING = YES;
				CLANG_WARN_BOOL_CONVERSION = YES;
				CLANG_WARN_COMMA = YES;
				CLANG_WARN_CONSTANT_CONVERSION = YES;
				CLANG_WARN_DEPRECATED_OBJC_IMPLEMENTATIONS = YES;
				CLANG_WARN_DIRECT_OBJC_ISA_USAGE = YES_ERROR;
				CLANG_WARN_DOCUMENTATION_COMMENTS = YES;
				CLANG_WARN_EMPTY_BODY = YES;
				CLANG_WARN_ENUM_CONVERSION = YES;
				CLANG_WARN_INFINITE_RECURSION = YES;
				CLANG_WARN_INT_CONVERSION = YES;
				CLANG_WARN_NON_LITERAL_NULL_CONVERSION = YES;
				CLANG_WARN_OBJC_IMPLICIT_RETAIN_SELF = YES;
				CLANG_WARN_OBJC_LITERAL_CONVERSION = YES;
				CLANG_WARN_OBJC_ROOT_CLASS = YES_ERROR;
				CLANG_WARN_QUOTED_INCLUDE_IN_FRAMEWORK_HEADER = YES;
				CLANG_WARN_RANGE_LOOP_ANALYSIS = YES;
				CLANG_WARN_STRICT_PROTOTYPES = YES;
				CLANG_WARN_SUSPICIOUS_MOVE = YES;
				CLANG_WARN_UNGUARDED_AVAILABILITY = YES_AGGRESSIVE;
				CLANG_WARN_UNREACHABLE_CODE = YES;
				CLANG_WARN__DUPLICATE_METHOD_MATCH = YES;
				COPY_PHASE_STRIP = NO;
				DEBUG_INFORMATION_FORMAT = "dwarf-with-dsym";
				ENABLE_NS_ASSERTIONS = NO;
				ENABLE_STRICT_OBJC_MSGSEND = YES;
				GCC_C_LANGUAGE_STANDARD = gnu11;
				GCC_NO_COMMON_BLOCKS = YES;
				GCC_WARN_64_TO_32_BIT_CONVERSION = YES;
				GCC_WARN_ABOUT_RETURN_TYPE = YES_ERROR;
				GCC_WARN_UNDECLARED_SELECTOR = YES;
				GCC_WARN_UNINITIALIZED_AUTOS = YES_AGGRESSIVE;
				GCC_WARN_UNUSED_FUNCTION = YES;
				GCC_WARN_UNUSED_VARIABLE = YES;
				IPHONEOS_DEPLOYMENT_TARGET = 14.0;
				MTL_ENABLE_DEBUG_INFO = NO;
				MTL_FAST_MATH = YES;
				SDKROOT = iphoneos;
				SWIFT_COMPILATION_MODE = wholemodule;
				SWIFT_OPTIMIZATION_LEVEL = "-O";
				VALIDATE_PRODUCT = YES;
			};
			name = Release;
		};
		AFEBBE34265EB5EE00026895 /* Debug */ = {
			isa = XCBuildConfiguration;
			buildSettings = {
				ASSETCATALOG_COMPILER_APPICON_NAME = AppIcon;
				ASSETCATALOG_COMPILER_GLOBAL_ACCENT_COLOR_NAME = AccentColor;
				CODE_SIGN_STYLE = Automatic;
				DEVELOPMENT_ASSET_PATHS = "\"MilestoneProject 7-9/Preview Content\"";
				DEVELOPMENT_TEAM = WBND8H9MX8;
				ENABLE_PREVIEWS = YES;
				INFOPLIST_FILE = "MilestoneProject 7-9/Info.plist";
				IPHONEOS_DEPLOYMENT_TARGET = 14.0;
				LD_RUNPATH_SEARCH_PATHS = (
					"$(inherited)",
					"@executable_path/Frameworks",
				);
				PRODUCT_BUNDLE_IDENTIFIER = "com.ansa.MilestoneProject-7-9";
				PRODUCT_NAME = "$(TARGET_NAME)";
				SWIFT_VERSION = 5.0;
				TARGETED_DEVICE_FAMILY = "1,2";
			};
			name = Debug;
		};
		AFEBBE35265EB5EE00026895 /* Release */ = {
			isa = XCBuildConfiguration;
			buildSettings = {
				ASSETCATALOG_COMPILER_APPICON_NAME = AppIcon;
				ASSETCATALOG_COMPILER_GLOBAL_ACCENT_COLOR_NAME = AccentColor;
				CODE_SIGN_STYLE = Automatic;
				DEVELOPMENT_ASSET_PATHS = "\"MilestoneProject 7-9/Preview Content\"";
				DEVELOPMENT_TEAM = WBND8H9MX8;
				ENABLE_PREVIEWS = YES;
				INFOPLIST_FILE = "MilestoneProject 7-9/Info.plist";
				IPHONEOS_DEPLOYMENT_TARGET = 14.0;
				LD_RUNPATH_SEARCH_PATHS = (
					"$(inherited)",
					"@executable_path/Frameworks",
				);
				PRODUCT_BUNDLE_IDENTIFIER = "com.ansa.MilestoneProject-7-9";
				PRODUCT_NAME = "$(TARGET_NAME)";
				SWIFT_VERSION = 5.0;
				TARGETED_DEVICE_FAMILY = "1,2";
			};
			name = Release;
		};
/* End XCBuildConfiguration section */

/* Begin XCConfigurationList section */
		AFEBBE1F265EB5ED00026895 /* Build configuration list for PBXProject "MilestoneProject 7-9" */ = {
			isa = XCConfigurationList;
			buildConfigurations = (
				AFEBBE31265EB5EE00026895 /* Debug */,
				AFEBBE32265EB5EE00026895 /* Release */,
			);
			defaultConfigurationIsVisible = 0;
			defaultConfigurationName = Release;
		};
		AFEBBE33265EB5EE00026895 /* Build configuration list for PBXNativeTarget "MilestoneProject 7-9" */ = {
			isa = XCConfigurationList;
			buildConfigurations = (
				AFEBBE34265EB5EE00026895 /* Debug */,
				AFEBBE35265EB5EE00026895 /* Release */,
			);
			defaultConfigurationIsVisible = 0;
			defaultConfigurationName = Release;
		};
/* End XCConfigurationList section */
	};
	rootObject = AFEBBE1C265EB5ED00026895 /* Project object */;
}
